
Microsoft Visual Studio Solution File, Format Version 12.00
# Visual Studio 15
VisualStudioVersion = 15.0.28010.2036
MinimumVisualStudioVersion = 10.0.40219.1
Project("{FAE04EC0-301F-11D3-BF4B-00C04F79EFBC}") = "BindableLayoutReferenceBug.Android", "BindableLayoutReferenceBug\BindableLayoutReferenceBug.Android\BindableLayoutReferenceBug.Android.csproj", "{8EE51661-6933-489A-B19D-BB64180D0ACD}"
EndProject
Project("{FAE04EC0-301F-11D3-BF4B-00C04F79EFBC}") = "BindableLayoutReferenceBug.iOS", "BindableLayoutReferenceBug\BindableLayoutReferenceBug.iOS\BindableLayoutReferenceBug.iOS.csproj", "{664EB100-D2EE-421A-B16A-55776233979D}"
EndProject
Project("{FAE04EC0-301F-11D3-BF4B-00C04F79EFBC}") = "BindableLayoutReferenceBug", "BindableLayoutReferenceBug\BindableLayoutReferenceBug\BindableLayoutReferenceBug.csproj", "{6390C9ED-28C2-4A12-B671-5F520676170F}"
EndProject
Global
	GlobalSection(SolutionConfigurationPlatforms) = preSolution
		Ad-Hoc|Any CPU = Ad-Hoc|Any CPU
		Ad-Hoc|iPhone = Ad-Hoc|iPhone
		Ad-Hoc|iPhoneSimulator = Ad-Hoc|iPhoneSimulator
		AppStore|Any CPU = AppStore|Any CPU
		AppStore|iPhone = AppStore|iPhone
		AppStore|iPhoneSimulator = AppStore|iPhoneSimulator
		Debug|Any CPU = Debug|Any CPU
		Debug|iPhone = Debug|iPhone
		Debug|iPhoneSimulator = Debug|iPhoneSimulator
		Release|Any CPU = Release|Any CPU
		Release|iPhone = Release|iPhone
		Release|iPhoneSimulator = Release|iPhoneSimulator
	EndGlobalSection
	GlobalSection(ProjectConfigurationPlatforms) = postSolution
		{8EE51661-6933-489A-B19D-BB64180D0ACD}.Ad-Hoc|Any CPU.ActiveCfg = Release|Any CPU
		{8EE51661-6933-489A-B19D-BB64180D0ACD}.Ad-Hoc|Any CPU.Build.0 = Release|Any CPU
		{8EE51661-6933-489A-B19D-BB64180D0ACD}.Ad-Hoc|Any CPU.Deploy.0 = Release|Any CPU
		{8EE51661-6933-489A-B19D-BB64180D0ACD}.Ad-Hoc|iPhone.ActiveCfg = Release|Any CPU
		{8EE51661-6933-489A-B19D-BB64180D0ACD}.Ad-Hoc|iPhone.Build.0 = Release|Any CPU
		{8EE51661-6933-489A-B19D-BB64180D0ACD}.Ad-Hoc|iPhone.Deploy.0 = Release|Any CPU
		{8EE51661-6933-489A-B19D-BB64180D0ACD}.Ad-Hoc|iPhoneSimulator.ActiveCfg = Release|Any CPU
		{8EE51661-6933-489A-B19D-BB64180D0ACD}.Ad-Hoc|iPhoneSimulator.Build.0 = Release|Any CPU
		{8EE51661-6933-489A-B19D-BB64180D0ACD}.Ad-Hoc|iPhoneSimulator.Deploy.0 = Release|Any CPU
		{8EE51661-6933-489A-B19D-BB64180D0ACD}.AppStore|Any CPU.ActiveCfg = Release|Any CPU
		{8EE51661-6933-489A-B19D-BB64180D0ACD}.AppStore|Any CPU.Build.0 = Release|Any CPU
		{8EE51661-6933-489A-B19D-BB64180D0ACD}.AppStore|Any CPU.Deploy.0 = Release|Any CPU
		{8EE51661-6933-489A-B19D-BB64180D0ACD}.AppStore|iPhone.ActiveCfg = Release|Any CPU
		{8EE51661-6933-489A-B19D-BB64180D0ACD}.AppStore|iPhone.Build.0 = Release|Any CPU
		{8EE51661-6933-489A-B19D-BB64180D0ACD}.AppStore|iPhone.Deploy.0 = Release|Any CPU
		{8EE51661-6933-489A-B19D-BB64180D0ACD}.AppStore|iPhoneSimulator.ActiveCfg = Release|Any CPU
		{8EE51661-6933-489A-B19D-BB64180D0ACD}.AppStore|iPhoneSimulator.Build.0 = Release|Any CPU
		{8EE51661-6933-489A-B19D-BB64180D0ACD}.AppStore|iPhoneSimulator.Deploy.0 = Release|Any CPU
		{8EE51661-6933-489A-B19D-BB64180D0ACD}.Debug|Any CPU.ActiveCfg = Debug|Any CPU
		{8EE51661-6933-489A-B19D-BB64180D0ACD}.Debug|Any CPU.Build.0 = Debug|Any CPU
		{8EE51661-6933-489A-B19D-BB64180D0ACD}.Debug|Any CPU.Deploy.0 = Debug|Any CPU
		{8EE51661-6933-489A-B19D-BB64180D0ACD}.Debug|iPhone.ActiveCfg = Debug|Any CPU
		{8EE51661-6933-489A-B19D-BB64180D0ACD}.Debug|iPhone.Build.0 = Debug|Any CPU
		{8EE51661-6933-489A-B19D-BB64180D0ACD}.Debug|iPhone.Deploy.0 = Debug|Any CPU
		{8EE51661-6933-489A-B19D-BB64180D0ACD}.Debug|iPhoneSimulator.ActiveCfg = Debug|Any CPU
		{8EE51661-6933-489A-B19D-BB64180D0ACD}.Debug|iPhoneSimulator.Build.0 = Debug|Any CPU
		{8EE51661-6933-489A-B19D-BB64180D0ACD}.Debug|iPhoneSimulator.Deploy.0 = Debug|Any CPU
		{8EE51661-6933-489A-B19D-BB64180D0ACD}.Release|Any CPU.ActiveCfg = Release|Any CPU
		{8EE51661-6933-489A-B19D-BB64180D0ACD}.Release|Any CPU.Build.0 = Release|Any CPU
		{8EE51661-6933-489A-B19D-BB64180D0ACD}.Release|Any CPU.Deploy.0 = Release|Any CPU
		{8EE51661-6933-489A-B19D-BB64180D0ACD}.Release|iPhone.ActiveCfg = Release|Any CPU
		{8EE51661-6933-489A-B19D-BB64180D0ACD}.Release|iPhone.Build.0 = Release|Any CPU
		{8EE51661-6933-489A-B19D-BB64180D0ACD}.Release|iPhone.Deploy.0 = Release|Any CPU
		{8EE51661-6933-489A-B19D-BB64180D0ACD}.Release|iPhoneSimulator.ActiveCfg = Release|Any CPU
		{8EE51661-6933-489A-B19D-BB64180D0ACD}.Release|iPhoneSimulator.Build.0 = Release|Any CPU
		{8EE51661-6933-489A-B19D-BB64180D0ACD}.Release|iPhoneSimulator.Deploy.0 = Release|Any CPU
		{664EB100-D2EE-421A-B16A-55776233979D}.Ad-Hoc|Any CPU.ActiveCfg = Ad-Hoc|iPhone
		{664EB100-D2EE-421A-B16A-55776233979D}.Ad-Hoc|Any CPU.Build.0 = Ad-Hoc|iPhone
		{664EB100-D2EE-421A-B16A-55776233979D}.Ad-Hoc|Any CPU.Deploy.0 = Ad-Hoc|iPhone
		{664EB100-D2EE-421A-B16A-55776233979D}.Ad-Hoc|iPhone.ActiveCfg = Ad-Hoc|iPhone
		{664EB100-D2EE-421A-B16A-55776233979D}.Ad-Hoc|iPhone.Build.0 = Ad-Hoc|iPhone
		{664EB100-D2EE-421A-B16A-55776233979D}.Ad-Hoc|iPhone.Deploy.0 = Ad-Hoc|iPhone
		{664EB100-D2EE-421A-B16A-55776233979D}.Ad-Hoc|iPhoneSimulator.ActiveCfg = Ad-Hoc|iPhoneSimulator
		{664EB100-D2EE-421A-B16A-55776233979D}.Ad-Hoc|iPhoneSimulator.Build.0 = Ad-Hoc|iPhoneSimulator
		{664EB100-D2EE-421A-B16A-55776233979D}.Ad-Hoc|iPhoneSimulator.Deploy.0 = Ad-Hoc|iPhoneSimulator
		{664EB100-D2EE-421A-B16A-55776233979D}.AppStore|Any CPU.ActiveCfg = AppStore|iPhone
		{664EB100-D2EE-421A-B16A-55776233979D}.AppStore|Any CPU.Build.0 = AppStore|iPhone
		{664EB100-D2EE-421A-B16A-55776233979D}.AppStore|Any CPU.Deploy.0 = AppStore|iPhone
		{664EB100-D2EE-421A-B16A-55776233979D}.AppStore|iPhone.ActiveCfg = AppStore|iPhone
		{664EB100-D2EE-421A-B16A-55776233979D}.AppStore|iPhone.Build.0 = AppStore|iPhone
		{664EB100-D2EE-421A-B16A-55776233979D}.AppStore|iPhone.Deploy.0 = AppStore|iPhone
		{664EB100-D2EE-421A-B16A-55776233979D}.AppStore|iPhoneSimulator.ActiveCfg = AppStore|iPhoneSimulator
		{664EB100-D2EE-421A-B16A-55776233979D}.AppStore|iPhoneSimulator.Build.0 = AppStore|iPhoneSimulator
		{664EB100-D2EE-421A-B16A-55776233979D}.AppStore|iPhoneSimulator.Deploy.0 = AppStore|iPhoneSimulator
		{664EB100-D2EE-421A-B16A-55776233979D}.Debug|Any CPU.ActiveCfg = Debug|iPhone
		{664EB100-D2EE-421A-B16A-55776233979D}.Debug|Any CPU.Build.0 = Debug|iPhone
		{664EB100-D2EE-421A-B16A-55776233979D}.Debug|Any CPU.Deploy.0 = Debug|iPhone
		{664EB100-D2EE-421A-B16A-55776233979D}.Debug|iPhone.ActiveCfg = Debug|iPhone
		{664EB100-D2EE-421A-B16A-55776233979D}.Debug|iPhone.Build.0 = Debug|iPhone
		{664EB100-D2EE-421A-B16A-55776233979D}.Debug|iPhone.Deploy.0 = Debug|iPhone
		{664EB100-D2EE-421A-B16A-55776233979D}.Debug|iPhoneSimulator.ActiveCfg = Debug|iPhoneSimulator
		{664EB100-D2EE-421A-B16A-55776233979D}.Debug|iPhoneSimulator.Build.0 = Debug|iPhoneSimulator
		{664EB100-D2EE-421A-B16A-55776233979D}.Debug|iPhoneSimulator.Deploy.0 = Debug|iPhoneSimulator
		{664EB100-D2EE-421A-B16A-55776233979D}.Release|Any CPU.ActiveCfg = Release|iPhone
		{664EB100-D2EE-421A-B16A-55776233979D}.Release|Any CPU.Build.0 = Release|iPhone
		{664EB100-D2EE-421A-B16A-55776233979D}.Release|Any CPU.Deploy.0 = Release|iPhone
		{664EB100-D2EE-421A-B16A-55776233979D}.Release|iPhone.ActiveCfg = Release|iPhone
		{664EB100-D2EE-421A-B16A-55776233979D}.Release|iPhone.Build.0 = Release|iPhone
		{664EB100-D2EE-421A-B16A-55776233979D}.Release|iPhone.Deploy.0 = Release|iPhone
		{664EB100-D2EE-421A-B16A-55776233979D}.Release|iPhoneSimulator.ActiveCfg = Release|iPhoneSimulator
		{664EB100-D2EE-421A-B16A-55776233979D}.Release|iPhoneSimulator.Build.0 = Release|iPhoneSimulator
		{664EB100-D2EE-421A-B16A-55776233979D}.Release|iPhoneSimulator.Deploy.0 = Release|iPhoneSimulator
		{6390C9ED-28C2-4A12-B671-5F520676170F}.Ad-Hoc|Any CPU.ActiveCfg = Debug|Any CPU
		{6390C9ED-28C2-4A12-B671-5F520676170F}.Ad-Hoc|Any CPU.Build.0 = Debug|Any CPU
		{6390C9ED-28C2-4A12-B671-5F520676170F}.Ad-Hoc|Any CPU.Deploy.0 = Debug|Any CPU
		{6390C9ED-28C2-4A12-B671-5F520676170F}.Ad-Hoc|iPhone.ActiveCfg = Debug|Any CPU
		{6390C9ED-28C2-4A12-B671-5F520676170F}.Ad-Hoc|iPhone.Build.0 = Debug|Any CPU
		{6390C9ED-28C2-4A12-B671-5F520676170F}.Ad-Hoc|iPhone.Deploy.0 = Debug|Any CPU
		{6390C9ED-28C2-4A12-B671-5F520676170F}.Ad-Hoc|iPhoneSimulator.ActiveCfg = Debug|Any CPU
		{6390C9ED-28C2-4A12-B671-5F520676170F}.Ad-Hoc|iPhoneSimulator.Build.0 = Debug|Any CPU
		{6390C9ED-28C2-4A12-B671-5F520676170F}.Ad-Hoc|iPhoneSimulator.Deploy.0 = Debug|Any CPU
		{6390C9ED-28C2-4A12-B671-5F520676170F}.AppStore|Any CPU.ActiveCfg = Debug|Any CPU
		{6390C9ED-28C2-4A12-B671-5F520676170F}.AppStore|Any CPU.Build.0 = Debug|Any CPU
		{6390C9ED-28C2-4A12-B671-5F520676170F}.AppStore|Any CPU.Deploy.0 = Debug|Any CPU
		{6390C9ED-28C2-4A12-B671-5F520676170F}.AppStore|iPhone.ActiveCfg = Debug|Any CPU
		{6390C9ED-28C2-4A12-B671-5F520676170F}.AppStore|iPhone.Build.0 = Debug|Any CPU
		{6390C9ED-28C2-4A12-B671-5F520676170F}.AppStore|iPhone.Deploy.0 = Debug|Any CPU
		{6390C9ED-28C2-4A12-B671-5F520676170F}.AppStore|iPhoneSimulator.ActiveCfg = Debug|Any CPU
		{6390C9ED-28C2-4A12-B671-5F520676170F}.AppStore|iPhoneSimulator.Build.0 = Debug|Any CPU
		{6390C9ED-28C2-4A12-B671-5F520676170F}.AppStore|iPhoneSimulator.Deploy.0 = Debug|Any CPU
		{6390C9ED-28C2-4A12-B671-5F520676170F}.Debug|Any CPU.ActiveCfg = Debug|Any CPU
		{6390C9ED-28C2-4A12-B671-5F520676170F}.Debug|Any CPU.Build.0 = Debug|Any CPU
		{6390C9ED-28C2-4A12-B671-5F520676170F}.Debug|Any CPU.Deploy.0 = Debug|Any CPU
		{6390C9ED-28C2-4A12-B671-5F520676170F}.Debug|iPhone.ActiveCfg = Debug|Any CPU
		{6390C9ED-28C2-4A12-B671-5F520676170F}.Debug|iPhone.Build.0 = Debug|Any CPU
		{6390C9ED-28C2-4A12-B671-5F520676170F}.Debug|iPhone.Deploy.0 = Debug|Any CPU
		{6390C9ED-28C2-4A12-B671-5F520676170F}.Debug|iPhoneSimulator.ActiveCfg = Debug|Any CPU
		{6390C9ED-28C2-4A12-B671-5F520676170F}.Debug|iPhoneSimulator.Build.0 = Debug|Any CPU
		{6390C9ED-28C2-4A12-B671-5F520676170F}.Debug|iPhoneSimulator.Deploy.0 = Debug|Any CPU
		{6390C9ED-28C2-4A12-B671-5F520676170F}.Release|Any CPU.ActiveCfg = Release|Any CPU
		{6390C9ED-28C2-4A12-B671-5F520676170F}.Release|Any CPU.Build.0 = Release|Any CPU
		{6390C9ED-28C2-4A12-B671-5F520676170F}.Release|Any CPU.Deploy.0 = Release|Any CPU
		{6390C9ED-28C2-4A12-B671-5F520676170F}.Release|iPhone.ActiveCfg = Release|Any CPU
		{6390C9ED-28C2-4A12-B671-5F520676170F}.Release|iPhone.Build.0 = Release|Any CPU
		{6390C9ED-28C2-4A12-B671-5F520676170F}.Release|iPhone.Deploy.0 = Release|Any CPU
		{6390C9ED-28C2-4A12-B671-5F520676170F}.Release|iPhoneSimulator.ActiveCfg = Release|Any CPU
		{6390C9ED-28C2-4A12-B671-5F520676170F}.Release|iPhoneSimulator.Build.0 = Release|Any CPU
		{6390C9ED-28C2-4A12-B671-5F520676170F}.Release|iPhoneSimulator.Deploy.0 = Release|Any CPU
	EndGlobalSection
	GlobalSection(SolutionProperties) = preSolution
		HideSolutionNode = FALSE
	EndGlobalSection
	GlobalSection(ExtensibilityGlobals) = postSolution
		SolutionGuid = {2815C753-65C6-429C-ADFF-CEF07DB1B13B}
	EndGlobalSection
EndGlobal
